
Microsoft Visual Studio Solution File, Format Version 12.00
# Visual Studio Version 18
VisualStudioVersion = 18.2.11415.280
MinimumVisualStudioVersion = 10.0.40219.1
Project("{FAE04EC0-301F-11D3-BF4B-00C04F79EFBC}") = "Ryby", "Ryby.csproj", "{F42258C1-2BAC-08C9-316A-842B8F3B9007}"
EndProject
Global
	GlobalSection(SolutionConfigurationPlatforms) = preSolution
		Debug|Any CPU = Debug|Any CPU
		Release|Any CPU = Release|Any CPU
	EndGlobalSection
	GlobalSection(ProjectConfigurationPlatforms) = postSolution
		{F42258C1-2BAC-08C9-316A-842B8F3B9007}.Debug|Any CPU.ActiveCfg = Debug|Any CPU
		{F42258C1-2BAC-08C9-316A-842B8F3B9007}.Debug|Any CPU.Build.0 = Debug|Any CPU
		{F42258C1-2BAC-08C9-316A-842B8F3B9007}.Release|Any CPU.ActiveCfg = Release|Any CPU
		{F42258C1-2BAC-08C9-316A-842B8F3B9007}.Release|Any CPU.Build.0 = Release|Any CPU
	EndGlobalSection
	GlobalSection(SolutionProperties) = preSolution
		HideSolutionNode = FALSE
	EndGlobalSection
	GlobalSection(ExtensibilityGlobals) = postSolution
		SolutionGuid = {B34B1681-DA20-4CC9-AE67-0F99B09FCB8D}
	EndGlobalSection
EndGlobal
